
Microsoft Visual Studio Solution File, Format Version 12.00
# Visual Studio 2012
Project("{FAE04EC0-301F-11D3-BF4B-00C04F79EFBC}") = "Lista21082017ex12", "Lista21082017ex12.csproj", "{6F63225B-B6D9-4940-AFF9-D8309774C136}"
EndProject
Global
	GlobalSection(SolutionConfigurationPlatforms) = preSolution
		Debug|x86 = Debug|x86
		Release|x86 = Release|x86
	EndGlobalSection
	GlobalSection(ProjectConfigurationPlatforms) = postSolution
		{6F63225B-B6D9-4940-AFF9-D8309774C136}.Debug|x86.ActiveCfg = Debug|x86
		{6F63225B-B6D9-4940-AFF9-D8309774C136}.Debug|x86.Build.0 = Debug|x86
		{6F63225B-B6D9-4940-AFF9-D8309774C136}.Release|x86.ActiveCfg = Release|x86
		{6F63225B-B6D9-4940-AFF9-D8309774C136}.Release|x86.Build.0 = Release|x86
	EndGlobalSection
EndGlobal
